
Microsoft Visual Studio Solution File, Format Version 12.00
Project("{FAE04EC0-301F-11D3-BF4B-00C04F79EFBC}") = "GerenciamentoDeEstoque.APP", "GerenciamentoDeEstoque.APP\GerenciamentoDeEstoque.APP.csproj", "{BE61ABAB-A76D-4AC6-9AA8-ED271A65F25D}"
EndProject
Global
	GlobalSection(SolutionConfigurationPlatforms) = preSolution
		Debug|Any CPU = Debug|Any CPU
		Release|Any CPU = Release|Any CPU
	EndGlobalSection
	GlobalSection(ProjectConfigurationPlatforms) = postSolution
		{BE61ABAB-A76D-4AC6-9AA8-ED271A65F25D}.Debug|Any CPU.ActiveCfg = Debug|Any CPU
		{BE61ABAB-A76D-4AC6-9AA8-ED271A65F25D}.Debug|Any CPU.Build.0 = Debug|Any CPU
		{BE61ABAB-A76D-4AC6-9AA8-ED271A65F25D}.Release|Any CPU.ActiveCfg = Release|Any CPU
		{BE61ABAB-A76D-4AC6-9AA8-ED271A65F25D}.Release|Any CPU.Build.0 = Release|Any CPU
	EndGlobalSection
EndGlobal
